
Microsoft Visual Studio Solution File, Format Version 12.00
# Visual Studio Version 17
VisualStudioVersion = 17.7.34202.233
MinimumVisualStudioVersion = 10.0.40219.1
Project("{9A19103F-16F7-4668-BE54-9A1E7A4F7556}") = "NigeriaFinance", "NigeriaFinance\NigeriaFinance.csproj", "{F664835D-2761-4C22-BAD4-DB8B5BE2FDE9}"
EndProject
Project("{FAE04EC0-301F-11D3-BF4B-00C04F79EFBC}") = "TestApp", "TestApp\TestApp.csproj", "{1DCD47BE-F486-46DD-82DD-950A2344C4FD}"
EndProject
Global
	GlobalSection(SolutionConfigurationPlatforms) = preSolution
		Debug|Any CPU = Debug|Any CPU
		Release|Any CPU = Release|Any CPU
	EndGlobalSection
	GlobalSection(ProjectConfigurationPlatforms) = postSolution
		{F664835D-2761-4C22-BAD4-DB8B5BE2FDE9}.Debug|Any CPU.ActiveCfg = Debug|Any CPU
		{F664835D-2761-4C22-BAD4-DB8B5BE2FDE9}.Debug|Any CPU.Build.0 = Debug|Any CPU
		{F664835D-2761-4C22-BAD4-DB8B5BE2FDE9}.Release|Any CPU.ActiveCfg = Release|Any CPU
		{F664835D-2761-4C22-BAD4-DB8B5BE2FDE9}.Release|Any CPU.Build.0 = Release|Any CPU
		{1DCD47BE-F486-46DD-82DD-950A2344C4FD}.Debug|Any CPU.ActiveCfg = Debug|Any CPU
		{1DCD47BE-F486-46DD-82DD-950A2344C4FD}.Debug|Any CPU.Build.0 = Debug|Any CPU
		{1DCD47BE-F486-46DD-82DD-950A2344C4FD}.Release|Any CPU.ActiveCfg = Release|Any CPU
		{1DCD47BE-F486-46DD-82DD-950A2344C4FD}.Release|Any CPU.Build.0 = Release|Any CPU
	EndGlobalSection
	GlobalSection(SolutionProperties) = preSolution
		HideSolutionNode = FALSE
	EndGlobalSection
	GlobalSection(ExtensibilityGlobals) = postSolution
		SolutionGuid = {15FB4D16-0B85-43FD-A812-298647272D9B}
	EndGlobalSection
EndGlobal
